
Microsoft Visual Studio Solution File, Format Version 12.00
# Visual Studio 2012
Project("{FAE04EC0-301F-11D3-BF4B-00C04F79EFBC}") = "CoffeeMachine", "CoffeeMachine\CoffeeMachine.csproj", "{4636CBE9-E5D9-4980-832D-BF0297682C34}"
EndProject
Project("{2150E333-8FDC-42A3-9474-1A3956D46DE8}") = "1.UI", "1.UI", "{E528BD8F-09C5-4EF9-AACB-B6F22680C47D}"
EndProject
Project("{2150E333-8FDC-42A3-9474-1A3956D46DE8}") = "2.Logic", "2.Logic", "{D182BD3A-440C-4C4D-B967-6ABDE8B67D0F}"
EndProject
Project("{2150E333-8FDC-42A3-9474-1A3956D46DE8}") = "3.DataAccess", "3.DataAccess", "{C0F14067-0B66-4300-B13D-41C9208DD142}"
EndProject
Project("{2150E333-8FDC-42A3-9474-1A3956D46DE8}") = "Common", "Common", "{B4F26D71-C299-4D82-B81A-47121B7BB601}"
EndProject
Project("{FAE04EC0-301F-11D3-BF4B-00C04F79EFBC}") = "Entities", "Entities\Entities.csproj", "{EEC7E1E4-84F0-435A-835B-4F19B4B16AC8}"
EndProject
Global
	GlobalSection(SolutionConfigurationPlatforms) = preSolution
		Debug|Any CPU = Debug|Any CPU
		Release|Any CPU = Release|Any CPU
	EndGlobalSection
	GlobalSection(ProjectConfigurationPlatforms) = postSolution
		{4636CBE9-E5D9-4980-832D-BF0297682C34}.Debug|Any CPU.ActiveCfg = Debug|Any CPU
		{4636CBE9-E5D9-4980-832D-BF0297682C34}.Debug|Any CPU.Build.0 = Debug|Any CPU
		{4636CBE9-E5D9-4980-832D-BF0297682C34}.Release|Any CPU.ActiveCfg = Release|Any CPU
		{4636CBE9-E5D9-4980-832D-BF0297682C34}.Release|Any CPU.Build.0 = Release|Any CPU
		{EEC7E1E4-84F0-435A-835B-4F19B4B16AC8}.Debug|Any CPU.ActiveCfg = Debug|Any CPU
		{EEC7E1E4-84F0-435A-835B-4F19B4B16AC8}.Debug|Any CPU.Build.0 = Debug|Any CPU
		{EEC7E1E4-84F0-435A-835B-4F19B4B16AC8}.Release|Any CPU.ActiveCfg = Release|Any CPU
		{EEC7E1E4-84F0-435A-835B-4F19B4B16AC8}.Release|Any CPU.Build.0 = Release|Any CPU
	EndGlobalSection
	GlobalSection(NestedProjects) = preSolution
		{4636CBE9-E5D9-4980-832D-BF0297682C34} = {E528BD8F-09C5-4EF9-AACB-B6F22680C47D}
		{EEC7E1E4-84F0-435A-835B-4F19B4B16AC8} = {B4F26D71-C299-4D82-B81A-47121B7BB601}
	EndGlobalSection
EndGlobal
