
Microsoft Visual Studio Solution File, Format Version 12.00
# Visual Studio 2012
Project("{FAE04EC0-301F-11D3-BF4B-00C04F79EFBC}") = "CoffeeMachine", "CoffeeMachine\CoffeeMachine.csproj", "{4636CBE9-E5D9-4980-832D-BF0297682C34}"
EndProject
Project("{2150E333-8FDC-42A3-9474-1A3956D46DE8}") = "1.UI", "1.UI", "{E528BD8F-09C5-4EF9-AACB-B6F22680C47D}"
EndProject
Global
	GlobalSection(SolutionConfigurationPlatforms) = preSolution
		Debug|Any CPU = Debug|Any CPU
		Release|Any CPU = Release|Any CPU
	EndGlobalSection
	GlobalSection(ProjectConfigurationPlatforms) = postSolution
		{4636CBE9-E5D9-4980-832D-BF0297682C34}.Debug|Any CPU.ActiveCfg = Debug|Any CPU
		{4636CBE9-E5D9-4980-832D-BF0297682C34}.Debug|Any CPU.Build.0 = Debug|Any CPU
		{4636CBE9-E5D9-4980-832D-BF0297682C34}.Release|Any CPU.ActiveCfg = Release|Any CPU
		{4636CBE9-E5D9-4980-832D-BF0297682C34}.Release|Any CPU.Build.0 = Release|Any CPU
	EndGlobalSection
	GlobalSection(NestedProjects) = preSolution
		{4636CBE9-E5D9-4980-832D-BF0297682C34} = {E528BD8F-09C5-4EF9-AACB-B6F22680C47D}
	EndGlobalSection
EndGlobal
